
Microsoft Visual Studio Solution File, Format Version 12.00
# Visual Studio Version 17
VisualStudioVersion = 17.7.34024.191
MinimumVisualStudioVersion = 10.0.40219.1
Project("{9A19103F-16F7-4668-BE54-9A1E7A4F7556}") = "TiendaServicios.Api.Autor", "TiendaServicios.Api.Autor\TiendaServicios.Api.Autor.csproj", "{A5E1A71A-4DD8-4EFC-88D9-27D534FF10A8}"
EndProject
Project("{FAE04EC0-301F-11D3-BF4B-00C04F79EFBC}") = "TiendaServicios.Api.Libro", "TiendaServicios.Api.Libro\TiendaServicios.Api.Libro.csproj", "{AC9A61E9-7E40-4617-9248-C3617899629D}"
EndProject
Project("{FAE04EC0-301F-11D3-BF4B-00C04F79EFBC}") = "TiendaServicios.Api.CarritoCompra", "TiendaServicios.Api.CarritoCompra\TiendaServicios.Api.CarritoCompra.csproj", "{B5567E5A-C7A8-4CCE-9621-577E767BA3C1}"
EndProject
Project("{FAE04EC0-301F-11D3-BF4B-00C04F79EFBC}") = "TiendaServicios.Api.Libro.Tests", "TiendaServicios.Api.Libro.Tests\TiendaServicios.Api.Libro.Tests.csproj", "{523A0E98-CFB0-403D-A905-63816D42E158}"
EndProject
Project("{E53339B2-1760-4266-BCC7-CA923CBCF16C}") = "docker-compose", "docker-compose.dcproj", "{BC7206A7-5FBA-4F75-B735-8DF0A5B75DC1}"
EndProject
Project("{FAE04EC0-301F-11D3-BF4B-00C04F79EFBC}") = "TiendaServicios.Api.Gateway", "TiendaServicios.Api.Gateway\TiendaServicios.Api.Gateway.csproj", "{22AB63A5-DD82-4947-8104-4E924A503067}"
EndProject
Project("{FAE04EC0-301F-11D3-BF4B-00C04F79EFBC}") = "TiendaServicios.RabbitMQ.Bus", "TiendaServicios.RabbitMQ.Bus\TiendaServicios.RabbitMQ.Bus.csproj", "{77DCAE03-B394-426D-99AE-C8115CF45A1C}"
EndProject
Project("{FAE04EC0-301F-11D3-BF4B-00C04F79EFBC}") = "TiendaServicios.Mensajeria.Email", "TiendaServicios.Mensajeria.Email\TiendaServicios.Mensajeria.Email.csproj", "{335C5DE0-E6BB-47D1-A865-4291F6F1C181}"
EndProject
Global
	GlobalSection(SolutionConfigurationPlatforms) = preSolution
		Debug|Any CPU = Debug|Any CPU
		Release|Any CPU = Release|Any CPU
	EndGlobalSection
	GlobalSection(ProjectConfigurationPlatforms) = postSolution
		{A5E1A71A-4DD8-4EFC-88D9-27D534FF10A8}.Debug|Any CPU.ActiveCfg = Debug|Any CPU
		{A5E1A71A-4DD8-4EFC-88D9-27D534FF10A8}.Debug|Any CPU.Build.0 = Debug|Any CPU
		{A5E1A71A-4DD8-4EFC-88D9-27D534FF10A8}.Release|Any CPU.ActiveCfg = Release|Any CPU
		{A5E1A71A-4DD8-4EFC-88D9-27D534FF10A8}.Release|Any CPU.Build.0 = Release|Any CPU
		{AC9A61E9-7E40-4617-9248-C3617899629D}.Debug|Any CPU.ActiveCfg = Debug|Any CPU
		{AC9A61E9-7E40-4617-9248-C3617899629D}.Debug|Any CPU.Build.0 = Debug|Any CPU
		{AC9A61E9-7E40-4617-9248-C3617899629D}.Release|Any CPU.ActiveCfg = Release|Any CPU
		{AC9A61E9-7E40-4617-9248-C3617899629D}.Release|Any CPU.Build.0 = Release|Any CPU
		{B5567E5A-C7A8-4CCE-9621-577E767BA3C1}.Debug|Any CPU.ActiveCfg = Debug|Any CPU
		{B5567E5A-C7A8-4CCE-9621-577E767BA3C1}.Debug|Any CPU.Build.0 = Debug|Any CPU
		{B5567E5A-C7A8-4CCE-9621-577E767BA3C1}.Release|Any CPU.ActiveCfg = Release|Any CPU
		{B5567E5A-C7A8-4CCE-9621-577E767BA3C1}.Release|Any CPU.Build.0 = Release|Any CPU
		{523A0E98-CFB0-403D-A905-63816D42E158}.Debug|Any CPU.ActiveCfg = Debug|Any CPU
		{523A0E98-CFB0-403D-A905-63816D42E158}.Debug|Any CPU.Build.0 = Debug|Any CPU
		{523A0E98-CFB0-403D-A905-63816D42E158}.Release|Any CPU.ActiveCfg = Release|Any CPU
		{523A0E98-CFB0-403D-A905-63816D42E158}.Release|Any CPU.Build.0 = Release|Any CPU
		{BC7206A7-5FBA-4F75-B735-8DF0A5B75DC1}.Debug|Any CPU.ActiveCfg = Debug|Any CPU
		{BC7206A7-5FBA-4F75-B735-8DF0A5B75DC1}.Debug|Any CPU.Build.0 = Debug|Any CPU
		{BC7206A7-5FBA-4F75-B735-8DF0A5B75DC1}.Release|Any CPU.ActiveCfg = Release|Any CPU
		{BC7206A7-5FBA-4F75-B735-8DF0A5B75DC1}.Release|Any CPU.Build.0 = Release|Any CPU
		{22AB63A5-DD82-4947-8104-4E924A503067}.Debug|Any CPU.ActiveCfg = Debug|Any CPU
		{22AB63A5-DD82-4947-8104-4E924A503067}.Debug|Any CPU.Build.0 = Debug|Any CPU
		{22AB63A5-DD82-4947-8104-4E924A503067}.Release|Any CPU.ActiveCfg = Release|Any CPU
		{22AB63A5-DD82-4947-8104-4E924A503067}.Release|Any CPU.Build.0 = Release|Any CPU
		{77DCAE03-B394-426D-99AE-C8115CF45A1C}.Debug|Any CPU.ActiveCfg = Debug|Any CPU
		{77DCAE03-B394-426D-99AE-C8115CF45A1C}.Debug|Any CPU.Build.0 = Debug|Any CPU
		{77DCAE03-B394-426D-99AE-C8115CF45A1C}.Release|Any CPU.ActiveCfg = Release|Any CPU
		{77DCAE03-B394-426D-99AE-C8115CF45A1C}.Release|Any CPU.Build.0 = Release|Any CPU
		{335C5DE0-E6BB-47D1-A865-4291F6F1C181}.Debug|Any CPU.ActiveCfg = Debug|Any CPU
		{335C5DE0-E6BB-47D1-A865-4291F6F1C181}.Debug|Any CPU.Build.0 = Debug|Any CPU
		{335C5DE0-E6BB-47D1-A865-4291F6F1C181}.Release|Any CPU.ActiveCfg = Release|Any CPU
		{335C5DE0-E6BB-47D1-A865-4291F6F1C181}.Release|Any CPU.Build.0 = Release|Any CPU
	EndGlobalSection
	GlobalSection(SolutionProperties) = preSolution
		HideSolutionNode = FALSE
	EndGlobalSection
	GlobalSection(ExtensibilityGlobals) = postSolution
		SolutionGuid = {DCF6E4B3-B972-4785-A246-715558432CAE}
	EndGlobalSection
EndGlobal
